// !$*UTF8*$!
{
	archiveVersion = 1;
	classes = {
	};
	objectVersion = 56;
	objects = {

/* Begin PBXBuildFile section */
		0459E34F2A6183EB000B0434 /* TaskTrackerApp.swift in Sources */ = {isa = PBXBuildFile; fileRef = 0459E34E2A6183EB000B0434 /* TaskTrackerApp.swift */; };
		0459E3532A6183EC000B0434 /* Assets.xcassets in Resources */ = {isa = PBXBuildFile; fileRef = 0459E3522A6183EC000B0434 /* Assets.xcassets */; };
		0459E3562A6183EC000B0434 /* Preview Assets.xcassets in Resources */ = {isa = PBXBuildFile; fileRef = 0459E3552A6183EC000B0434 /* Preview Assets.xcassets */; };
		0468E29D2BB7CAAE009124CC /* View.swift in Sources */ = {isa = PBXBuildFile; fileRef = 0468E29C2BB7CAAE009124CC /* View.swift */; };
		0468E2A12BB7CBA6009124CC /* CoreDataStorage.xcdatamodeld in Sources */ = {isa = PBXBuildFile; fileRef = 0468E29F2BB7CBA6009124CC /* CoreDataStorage.xcdatamodeld */; };
		0468E2A32BB7D188009124CC /* CoreDataStorage.swift in Sources */ = {isa = PBXBuildFile; fileRef = 0468E2A22BB7D188009124CC /* CoreDataStorage.swift */; };
		0468E2A62BB7D83D009124CC /* ProgressCircleView.swift in Sources */ = {isa = PBXBuildFile; fileRef = 0468E2A52BB7D83D009124CC /* ProgressCircleView.swift */; };
		0468E2AC2BB7E07A009124CC /* FetchTaskListUseCase.swift in Sources */ = {isa = PBXBuildFile; fileRef = 0468E2AB2BB7E07A009124CC /* FetchTaskListUseCase.swift */; };
		0468E2AF2BB7E3A3009124CC /* TaskListRepository.swift in Sources */ = {isa = PBXBuildFile; fileRef = 0468E2AE2BB7E3A3009124CC /* TaskListRepository.swift */; };
		0468E2B32BB7F886009124CC /* TaskListStorage.swift in Sources */ = {isa = PBXBuildFile; fileRef = 0468E2B22BB7F886009124CC /* TaskListStorage.swift */; };
		0468E2B82BB81B45009124CC /* StagingView.swift in Sources */ = {isa = PBXBuildFile; fileRef = 0468E2B72BB81B44009124CC /* StagingView.swift */; };
		0468E2BA2BB821DF009124CC /* FetchTasksCompletionRateUseCase.swift in Sources */ = {isa = PBXBuildFile; fileRef = 0468E2B92BB821DE009124CC /* FetchTasksCompletionRateUseCase.swift */; };
		0468E2BD2BB93F96009124CC /* DefaultCoreViewModel.swift in Sources */ = {isa = PBXBuildFile; fileRef = 0468E2BC2BB93F96009124CC /* DefaultCoreViewModel.swift */; };
		0468E2BF2BB941A2009124CC /* StageButton.swift in Sources */ = {isa = PBXBuildFile; fileRef = 0468E2BE2BB941A2009124CC /* StageButton.swift */; };
		0468E2C12BB9474A009124CC /* StageTab.swift in Sources */ = {isa = PBXBuildFile; fileRef = 0468E2C02BB9474A009124CC /* StageTab.swift */; };
		0478FA272BB7BEE300A073D6 /* TaskModel.swift in Sources */ = {isa = PBXBuildFile; fileRef = 0478FA262BB7BEE300A073D6 /* TaskModel.swift */; };
		0478FA292BB7C30700A073D6 /* StageType.swift in Sources */ = {isa = PBXBuildFile; fileRef = 0478FA282BB7C30700A073D6 /* StageType.swift */; };
		0478FA2C2BB7C6F200A073D6 /* Extensions+PreviewProvider.swift in Sources */ = {isa = PBXBuildFile; fileRef = 0478FA2B2BB7C6F200A073D6 /* Extensions+PreviewProvider.swift */; };
		0478FA302BB7C76100A073D6 /* Color.swift in Sources */ = {isa = PBXBuildFile; fileRef = 0478FA2F2BB7C76100A073D6 /* Color.swift */; };
		0478FA332BB7C7DE00A073D6 /* Double.swift in Sources */ = {isa = PBXBuildFile; fileRef = 0478FA322BB7C7DE00A073D6 /* Double.swift */; };
		049D352B2BC7E11F004A2D16 /* DependencyContainer.swift in Sources */ = {isa = PBXBuildFile; fileRef = 049D352A2BC7E11F004A2D16 /* DependencyContainer.swift */; };
/* End PBXBuildFile section */

/* Begin PBXFileReference section */
		0459E34B2A6183EB000B0434 /* TaskTracker.app */ = {isa = PBXFileReference; explicitFileType = wrapper.application; includeInIndex = 0; path = TaskTracker.app; sourceTree = BUILT_PRODUCTS_DIR; };
		0459E34E2A6183EB000B0434 /* TaskTrackerApp.swift */ = {isa = PBXFileReference; lastKnownFileType = sourcecode.swift; path = TaskTrackerApp.swift; sourceTree = "<group>"; };
		0459E3522A6183EC000B0434 /* Assets.xcassets */ = {isa = PBXFileReference; lastKnownFileType = folder.assetcatalog; path = Assets.xcassets; sourceTree = "<group>"; };
		0459E3552A6183EC000B0434 /* Preview Assets.xcassets */ = {isa = PBXFileReference; lastKnownFileType = folder.assetcatalog; path = "Preview Assets.xcassets"; sourceTree = "<group>"; };
		0459E3712A619CE8000B0434 /* README.md */ = {isa = PBXFileReference; lastKnownFileType = net.daringfireball.markdown; path = README.md; sourceTree = "<group>"; };
		0468E29C2BB7CAAE009124CC /* View.swift */ = {isa = PBXFileReference; lastKnownFileType = sourcecode.swift; path = View.swift; sourceTree = "<group>"; };
		0468E2A02BB7CBA6009124CC /* CoreDataStorage.xcdatamodel */ = {isa = PBXFileReference; lastKnownFileType = wrapper.xcdatamodel; path = CoreDataStorage.xcdatamodel; sourceTree = "<group>"; };
		0468E2A22BB7D188009124CC /* CoreDataStorage.swift */ = {isa = PBXFileReference; lastKnownFileType = sourcecode.swift; path = CoreDataStorage.swift; sourceTree = "<group>"; };
		0468E2A52BB7D83D009124CC /* ProgressCircleView.swift */ = {isa = PBXFileReference; lastKnownFileType = sourcecode.swift; path = ProgressCircleView.swift; sourceTree = "<group>"; };
		0468E2AB2BB7E07A009124CC /* FetchTaskListUseCase.swift */ = {isa = PBXFileReference; lastKnownFileType = sourcecode.swift; path = FetchTaskListUseCase.swift; sourceTree = "<group>"; };
		0468E2AE2BB7E3A3009124CC /* TaskListRepository.swift */ = {isa = PBXFileReference; lastKnownFileType = sourcecode.swift; path = TaskListRepository.swift; sourceTree = "<group>"; };
		0468E2B22BB7F886009124CC /* TaskListStorage.swift */ = {isa = PBXFileReference; lastKnownFileType = sourcecode.swift; path = TaskListStorage.swift; sourceTree = "<group>"; };
		0468E2B72BB81B44009124CC /* StagingView.swift */ = {isa = PBXFileReference; lastKnownFileType = sourcecode.swift; path = StagingView.swift; sourceTree = "<group>"; };
		0468E2B92BB821DE009124CC /* FetchTasksCompletionRateUseCase.swift */ = {isa = PBXFileReference; lastKnownFileType = sourcecode.swift; path = FetchTasksCompletionRateUseCase.swift; sourceTree = "<group>"; };
		0468E2BC2BB93F96009124CC /* DefaultCoreViewModel.swift */ = {isa = PBXFileReference; lastKnownFileType = sourcecode.swift; path = DefaultCoreViewModel.swift; sourceTree = "<group>"; };
		0468E2BE2BB941A2009124CC /* StageButton.swift */ = {isa = PBXFileReference; lastKnownFileType = sourcecode.swift; path = StageButton.swift; sourceTree = "<group>"; };
		0468E2C02BB9474A009124CC /* StageTab.swift */ = {isa = PBXFileReference; lastKnownFileType = sourcecode.swift; path = StageTab.swift; sourceTree = "<group>"; };
		0478FA262BB7BEE300A073D6 /* TaskModel.swift */ = {isa = PBXFileReference; lastKnownFileType = sourcecode.swift; path = TaskModel.swift; sourceTree = "<group>"; };
		0478FA282BB7C30700A073D6 /* StageType.swift */ = {isa = PBXFileReference; lastKnownFileType = sourcecode.swift; path = StageType.swift; sourceTree = "<group>"; };
		0478FA2B2BB7C6F200A073D6 /* Extensions+PreviewProvider.swift */ = {isa = PBXFileReference; lastKnownFileType = sourcecode.swift; path = "Extensions+PreviewProvider.swift"; sourceTree = "<group>"; };
		0478FA2F2BB7C76100A073D6 /* Color.swift */ = {isa = PBXFileReference; lastKnownFileType = sourcecode.swift; path = Color.swift; sourceTree = "<group>"; };
		0478FA322BB7C7DE00A073D6 /* Double.swift */ = {isa = PBXFileReference; lastKnownFileType = sourcecode.swift; path = Double.swift; sourceTree = "<group>"; };
		049D352A2BC7E11F004A2D16 /* DependencyContainer.swift */ = {isa = PBXFileReference; lastKnownFileType = sourcecode.swift; path = DependencyContainer.swift; sourceTree = "<group>"; };
/* End PBXFileReference section */

/* Begin PBXFrameworksBuildPhase section */
		0459E3482A6183EB000B0434 /* Frameworks */ = {
			isa = PBXFrameworksBuildPhase;
			buildActionMask = 2147483647;
			files = (
			);
			runOnlyForDeploymentPostprocessing = 0;
		};
/* End PBXFrameworksBuildPhase section */

/* Begin PBXGroup section */
		0459E3422A6183EB000B0434 = {
			isa = PBXGroup;
			children = (
				0459E3712A619CE8000B0434 /* README.md */,
				0459E34D2A6183EB000B0434 /* TaskTracker */,
				0459E34C2A6183EB000B0434 /* Products */,
			);
			sourceTree = "<group>";
		};
		0459E34C2A6183EB000B0434 /* Products */ = {
			isa = PBXGroup;
			children = (
				0459E34B2A6183EB000B0434 /* TaskTracker.app */,
			);
			name = Products;
			sourceTree = "<group>";
		};
		0459E34D2A6183EB000B0434 /* TaskTracker */ = {
			isa = PBXGroup;
			children = (
				04BF4E742BB7BA86006620CE /* Application */,
				04BF4E782BB7BAE5006620CE /* Presentation */,
				04BF4E772BB7BADD006620CE /* Domain */,
				04BF4E762BB7BAC8006620CE /* Data */,
				04BF4E752BB7BABB006620CE /* Infrastructure */,
				0478FA2A2BB7C6C700A073D6 /* PreviewProvider */,
				0459E3522A6183EC000B0434 /* Assets.xcassets */,
				0459E3542A6183EC000B0434 /* Preview Content */,
			);
			path = TaskTracker;
			sourceTree = "<group>";
		};
		0459E3542A6183EC000B0434 /* Preview Content */ = {
			isa = PBXGroup;
			children = (
				0459E3552A6183EC000B0434 /* Preview Assets.xcassets */,
			);
			path = "Preview Content";
			sourceTree = "<group>";
		};
		0468E29E2BB7CB67009124CC /* CoreDataStorage */ = {
			isa = PBXGroup;
			children = (
				0468E29F2BB7CBA6009124CC /* CoreDataStorage.xcdatamodeld */,
				0468E2A22BB7D188009124CC /* CoreDataStorage.swift */,
			);
			path = CoreDataStorage;
			sourceTree = "<group>";
		};
		0468E2A42BB7D823009124CC /* Components */ = {
			isa = PBXGroup;
			children = (
				0468E2A52BB7D83D009124CC /* ProgressCircleView.swift */,
				0468E2BE2BB941A2009124CC /* StageButton.swift */,
				0468E2C02BB9474A009124CC /* StageTab.swift */,
			);
			path = Components;
			sourceTree = "<group>";
		};
		0468E2A72BB7DABC009124CC /* CoreView */ = {
			isa = PBXGroup;
			children = (
				0468E2BB2BB93F86009124CC /* ViewModels */,
				0468E2B42BB81A6F009124CC /* Views */,
			);
			path = CoreView;
			sourceTree = "<group>";
		};
		0468E2A82BB7DAC8009124CC /* CategoriesView */ = {
			isa = PBXGroup;
			children = (
			);
			path = CategoriesView;
			sourceTree = "<group>";
		};
		0468E2A92BB7DAD3009124CC /* SettingView */ = {
			isa = PBXGroup;
			children = (
			);
			path = SettingView;
			sourceTree = "<group>";
		};
		0468E2AA2BB7E052009124CC /* UseCases */ = {
			isa = PBXGroup;
			children = (
				0468E2AB2BB7E07A009124CC /* FetchTaskListUseCase.swift */,
				0468E2B92BB821DE009124CC /* FetchTasksCompletionRateUseCase.swift */,
			);
			path = UseCases;
			sourceTree = "<group>";
		};
		0468E2AD2BB7E37A009124CC /* Repositories */ = {
			isa = PBXGroup;
			children = (
				0468E2AE2BB7E3A3009124CC /* TaskListRepository.swift */,
			);
			path = Repositories;
			sourceTree = "<group>";
		};
		0468E2B02BB7F858009124CC /* PersistantStorages */ = {
			isa = PBXGroup;
			children = (
				0468E2B22BB7F886009124CC /* TaskListStorage.swift */,
			);
			path = PersistantStorages;
			sourceTree = "<group>";
		};
		0468E2B42BB81A6F009124CC /* Views */ = {
			isa = PBXGroup;
			children = (
				0468E2B72BB81B44009124CC /* StagingView.swift */,
			);
			path = Views;
			sourceTree = "<group>";
		};
		0468E2BB2BB93F86009124CC /* ViewModels */ = {
			isa = PBXGroup;
			children = (
				0468E2BC2BB93F96009124CC /* DefaultCoreViewModel.swift */,
			);
			path = ViewModels;
			sourceTree = "<group>";
		};
		0478FA252BB7BED300A073D6 /* Models */ = {
			isa = PBXGroup;
			children = (
				0478FA262BB7BEE300A073D6 /* TaskModel.swift */,
				0478FA282BB7C30700A073D6 /* StageType.swift */,
			);
			path = Models;
			sourceTree = "<group>";
		};
		0478FA2A2BB7C6C700A073D6 /* PreviewProvider */ = {
			isa = PBXGroup;
			children = (
				0478FA2B2BB7C6F200A073D6 /* Extensions+PreviewProvider.swift */,
			);
			path = PreviewProvider;
			sourceTree = "<group>";
		};
		0478FA312BB7C7CA00A073D6 /* Extensions */ = {
			isa = PBXGroup;
			children = (
			);
			path = Extensions;
			sourceTree = "<group>";
		};
		0478FA342BB7CA3500A073D6 /* Extensions */ = {
			isa = PBXGroup;
			children = (
				0468E29C2BB7CAAE009124CC /* View.swift */,
				0478FA2F2BB7C76100A073D6 /* Color.swift */,
				0478FA322BB7C7DE00A073D6 /* Double.swift */,
			);
			path = Extensions;
			sourceTree = "<group>";
		};
		04BF4E742BB7BA86006620CE /* Application */ = {
			isa = PBXGroup;
			children = (
				0459E34E2A6183EB000B0434 /* TaskTrackerApp.swift */,
				049D352A2BC7E11F004A2D16 /* DependencyContainer.swift */,
			);
			path = Application;
			sourceTree = "<group>";
		};
		04BF4E752BB7BABB006620CE /* Infrastructure */ = {
			isa = PBXGroup;
			children = (
			);
			path = Infrastructure;
			sourceTree = "<group>";
		};
		04BF4E762BB7BAC8006620CE /* Data */ = {
			isa = PBXGroup;
			children = (
				0468E2AD2BB7E37A009124CC /* Repositories */,
				0468E2B02BB7F858009124CC /* PersistantStorages */,
				0468E29E2BB7CB67009124CC /* CoreDataStorage */,
			);
			path = Data;
			sourceTree = "<group>";
		};
		04BF4E772BB7BADD006620CE /* Domain */ = {
			isa = PBXGroup;
			children = (
				0478FA312BB7C7CA00A073D6 /* Extensions */,
				0468E2AA2BB7E052009124CC /* UseCases */,
				0478FA252BB7BED300A073D6 /* Models */,
			);
			path = Domain;
			sourceTree = "<group>";
		};
		04BF4E782BB7BAE5006620CE /* Presentation */ = {
			isa = PBXGroup;
			children = (
				0468E2A42BB7D823009124CC /* Components */,
				0478FA342BB7CA3500A073D6 /* Extensions */,
				0468E2A72BB7DABC009124CC /* CoreView */,
				0468E2A82BB7DAC8009124CC /* CategoriesView */,
				0468E2A92BB7DAD3009124CC /* SettingView */,
			);
			path = Presentation;
			sourceTree = "<group>";
		};
/* End PBXGroup section */

/* Begin PBXNativeTarget section */
		0459E34A2A6183EB000B0434 /* TaskTracker */ = {
			isa = PBXNativeTarget;
			buildConfigurationList = 0459E3592A6183EC000B0434 /* Build configuration list for PBXNativeTarget "TaskTracker" */;
			buildPhases = (
				0459E3472A6183EB000B0434 /* Sources */,
				0459E3482A6183EB000B0434 /* Frameworks */,
				0459E3492A6183EB000B0434 /* Resources */,
			);
			buildRules = (
			);
			dependencies = (
			);
			name = TaskTracker;
			productName = TaskTracker;
			productReference = 0459E34B2A6183EB000B0434 /* TaskTracker.app */;
			productType = "com.apple.product-type.application";
		};
/* End PBXNativeTarget section */

/* Begin PBXProject section */
		0459E3432A6183EB000B0434 /* Project object */ = {
			isa = PBXProject;
			attributes = {
				BuildIndependentTargetsInParallel = 1;
				LastSwiftUpdateCheck = 1430;
				LastUpgradeCheck = 1530;
				TargetAttributes = {
					0459E34A2A6183EB000B0434 = {
						CreatedOnToolsVersion = 14.3.1;
					};
				};
			};
			buildConfigurationList = 0459E3462A6183EB000B0434 /* Build configuration list for PBXProject "TaskTracker" */;
			compatibilityVersion = "Xcode 14.0";
			developmentRegion = en;
			hasScannedForEncodings = 0;
			knownRegions = (
				en,
				Base,
			);
			mainGroup = 0459E3422A6183EB000B0434;
			productRefGroup = 0459E34C2A6183EB000B0434 /* Products */;
			projectDirPath = "";
			projectRoot = "";
			targets = (
				0459E34A2A6183EB000B0434 /* TaskTracker */,
			);
		};
/* End PBXProject section */

/* Begin PBXResourcesBuildPhase section */
		0459E3492A6183EB000B0434 /* Resources */ = {
			isa = PBXResourcesBuildPhase;
			buildActionMask = 2147483647;
			files = (
				0459E3562A6183EC000B0434 /* Preview Assets.xcassets in Resources */,
				0459E3532A6183EC000B0434 /* Assets.xcassets in Resources */,
			);
			runOnlyForDeploymentPostprocessing = 0;
		};
/* End PBXResourcesBuildPhase section */

/* Begin PBXSourcesBuildPhase section */
		0459E3472A6183EB000B0434 /* Sources */ = {
			isa = PBXSourcesBuildPhase;
			buildActionMask = 2147483647;
			files = (
				0468E2B82BB81B45009124CC /* StagingView.swift in Sources */,
				0468E2B32BB7F886009124CC /* TaskListStorage.swift in Sources */,
				0478FA2C2BB7C6F200A073D6 /* Extensions+PreviewProvider.swift in Sources */,
				0468E2BF2BB941A2009124CC /* StageButton.swift in Sources */,
				0468E2BD2BB93F96009124CC /* DefaultCoreViewModel.swift in Sources */,
				0468E2AF2BB7E3A3009124CC /* TaskListRepository.swift in Sources */,
				0468E2A12BB7CBA6009124CC /* CoreDataStorage.xcdatamodeld in Sources */,
				0478FA332BB7C7DE00A073D6 /* Double.swift in Sources */,
				0478FA302BB7C76100A073D6 /* Color.swift in Sources */,
				0468E29D2BB7CAAE009124CC /* View.swift in Sources */,
				0468E2A32BB7D188009124CC /* CoreDataStorage.swift in Sources */,
				0478FA292BB7C30700A073D6 /* StageType.swift in Sources */,
				0478FA272BB7BEE300A073D6 /* TaskModel.swift in Sources */,
				0468E2BA2BB821DF009124CC /* FetchTasksCompletionRateUseCase.swift in Sources */,
				049D352B2BC7E11F004A2D16 /* DependencyContainer.swift in Sources */,
				0468E2A62BB7D83D009124CC /* ProgressCircleView.swift in Sources */,
				0468E2AC2BB7E07A009124CC /* FetchTaskListUseCase.swift in Sources */,
				0468E2C12BB9474A009124CC /* StageTab.swift in Sources */,
				0459E34F2A6183EB000B0434 /* TaskTrackerApp.swift in Sources */,
			);
			runOnlyForDeploymentPostprocessing = 0;
		};
/* End PBXSourcesBuildPhase section */

/* Begin XCBuildConfiguration section */
		0459E3572A6183EC000B0434 /* Debug */ = {
			isa = XCBuildConfiguration;
			buildSettings = {
				ALWAYS_SEARCH_USER_PATHS = NO;
				CLANG_ANALYZER_NONNULL = YES;
				CLANG_ANALYZER_NUMBER_OBJECT_CONVERSION = YES_AGGRESSIVE;
				CLANG_CXX_LANGUAGE_STANDARD = "gnu++20";
				CLANG_ENABLE_MODULES = YES;
				CLANG_ENABLE_OBJC_ARC = YES;
				CLANG_ENABLE_OBJC_WEAK = YES;
				CLANG_WARN_BLOCK_CAPTURE_AUTORELEASING = YES;
				CLANG_WARN_BOOL_CONVERSION = YES;
				CLANG_WARN_COMMA = YES;
				CLANG_WARN_CONSTANT_CONVERSION = YES;
				CLANG_WARN_DEPRECATED_OBJC_IMPLEMENTATIONS = YES;
				CLANG_WARN_DIRECT_OBJC_ISA_USAGE = YES_ERROR;
				CLANG_WARN_DOCUMENTATION_COMMENTS = YES;
				CLANG_WARN_EMPTY_BODY = YES;
				CLANG_WARN_ENUM_CONVERSION = YES;
				CLANG_WARN_INFINITE_RECURSION = YES;
				CLANG_WARN_INT_CONVERSION = YES;
				CLANG_WARN_NON_LITERAL_NULL_CONVERSION = YES;
				CLANG_WARN_OBJC_IMPLICIT_RETAIN_SELF = YES;
				CLANG_WARN_OBJC_LITERAL_CONVERSION = YES;
				CLANG_WARN_OBJC_ROOT_CLASS = YES_ERROR;
				CLANG_WARN_QUOTED_INCLUDE_IN_FRAMEWORK_HEADER = YES;
				CLANG_WARN_RANGE_LOOP_ANALYSIS = YES;
				CLANG_WARN_STRICT_PROTOTYPES = YES;
				CLANG_WARN_SUSPICIOUS_MOVE = YES;
				CLANG_WARN_UNGUARDED_AVAILABILITY = YES_AGGRESSIVE;
				CLANG_WARN_UNREACHABLE_CODE = YES;
				CLANG_WARN__DUPLICATE_METHOD_MATCH = YES;
				COPY_PHASE_STRIP = NO;
				DEBUG_INFORMATION_FORMAT = dwarf;
				ENABLE_STRICT_OBJC_MSGSEND = YES;
				ENABLE_TESTABILITY = YES;
				ENABLE_USER_SCRIPT_SANDBOXING = YES;
				GCC_C_LANGUAGE_STANDARD = gnu11;
				GCC_DYNAMIC_NO_PIC = NO;
				GCC_NO_COMMON_BLOCKS = YES;
				GCC_OPTIMIZATION_LEVEL = 0;
				GCC_PREPROCESSOR_DEFINITIONS = (
					"DEBUG=1",
					"$(inherited)",
				);
				GCC_WARN_64_TO_32_BIT_CONVERSION = YES;
				GCC_WARN_ABOUT_RETURN_TYPE = YES_ERROR;
				GCC_WARN_UNDECLARED_SELECTOR = YES;
				GCC_WARN_UNINITIALIZED_AUTOS = YES_AGGRESSIVE;
				GCC_WARN_UNUSED_FUNCTION = YES;
				GCC_WARN_UNUSED_VARIABLE = YES;
				IPHONEOS_DEPLOYMENT_TARGET = 16.4;
				MTL_ENABLE_DEBUG_INFO = INCLUDE_SOURCE;
				MTL_FAST_MATH = YES;
				ONLY_ACTIVE_ARCH = YES;
				SDKROOT = iphoneos;
				SWIFT_ACTIVE_COMPILATION_CONDITIONS = DEBUG;
				SWIFT_OPTIMIZATION_LEVEL = "-Onone";
			};
			name = Debug;
		};
		0459E3582A6183EC000B0434 /* Release */ = {
			isa = XCBuildConfiguration;
			buildSettings = {
				ALWAYS_SEARCH_USER_PATHS = NO;
				CLANG_ANALYZER_NONNULL = YES;
				CLANG_ANALYZER_NUMBER_OBJECT_CONVERSION = YES_AGGRESSIVE;
				CLANG_CXX_LANGUAGE_STANDARD = "gnu++20";
				CLANG_ENABLE_MODULES = YES;
				CLANG_ENABLE_OBJC_ARC = YES;
				CLANG_ENABLE_OBJC_WEAK = YES;
				CLANG_WARN_BLOCK_CAPTURE_AUTORELEASING = YES;
				CLANG_WARN_BOOL_CONVERSION = YES;
				CLANG_WARN_COMMA = YES;
				CLANG_WARN_CONSTANT_CONVERSION = YES;
				CLANG_WARN_DEPRECATED_OBJC_IMPLEMENTATIONS = YES;
				CLANG_WARN_DIRECT_OBJC_ISA_USAGE = YES_ERROR;
				CLANG_WARN_DOCUMENTATION_COMMENTS = YES;
				CLANG_WARN_EMPTY_BODY = YES;
				CLANG_WARN_ENUM_CONVERSION = YES;
				CLANG_WARN_INFINITE_RECURSION = YES;
				CLANG_WARN_INT_CONVERSION = YES;
				CLANG_WARN_NON_LITERAL_NULL_CONVERSION = YES;
				CLANG_WARN_OBJC_IMPLICIT_RETAIN_SELF = YES;
				CLANG_WARN_OBJC_LITERAL_CONVERSION = YES;
				CLANG_WARN_OBJC_ROOT_CLASS = YES_ERROR;
				CLANG_WARN_QUOTED_INCLUDE_IN_FRAMEWORK_HEADER = YES;
				CLANG_WARN_RANGE_LOOP_ANALYSIS = YES;
				CLANG_WARN_STRICT_PROTOTYPES = YES;
				CLANG_WARN_SUSPICIOUS_MOVE = YES;
				CLANG_WARN_UNGUARDED_AVAILABILITY = YES_AGGRESSIVE;
				CLANG_WARN_UNREACHABLE_CODE = YES;
				CLANG_WARN__DUPLICATE_METHOD_MATCH = YES;
				COPY_PHASE_STRIP = NO;
				DEBUG_INFORMATION_FORMAT = "dwarf-with-dsym";
				ENABLE_NS_ASSERTIONS = NO;
				ENABLE_STRICT_OBJC_MSGSEND = YES;
				ENABLE_USER_SCRIPT_SANDBOXING = YES;
				GCC_C_LANGUAGE_STANDARD = gnu11;
				GCC_NO_COMMON_BLOCKS = YES;
				GCC_WARN_64_TO_32_BIT_CONVERSION = YES;
				GCC_WARN_ABOUT_RETURN_TYPE = YES_ERROR;
				GCC_WARN_UNDECLARED_SELECTOR = YES;
				GCC_WARN_UNINITIALIZED_AUTOS = YES_AGGRESSIVE;
				GCC_WARN_UNUSED_FUNCTION = YES;
				GCC_WARN_UNUSED_VARIABLE = YES;
				IPHONEOS_DEPLOYMENT_TARGET = 16.4;
				MTL_ENABLE_DEBUG_INFO = NO;
				MTL_FAST_MATH = YES;
				SDKROOT = iphoneos;
				SWIFT_COMPILATION_MODE = wholemodule;
				SWIFT_OPTIMIZATION_LEVEL = "-O";
				VALIDATE_PRODUCT = YES;
			};
			name = Release;
		};
		0459E35A2A6183EC000B0434 /* Debug */ = {
			isa = XCBuildConfiguration;
			buildSettings = {
				ASSETCATALOG_COMPILER_APPICON_NAME = AppIcon;
				ASSETCATALOG_COMPILER_GLOBAL_ACCENT_COLOR_NAME = AccentColor;
				CODE_SIGN_STYLE = Automatic;
				CURRENT_PROJECT_VERSION = 1;
				DEVELOPMENT_ASSET_PATHS = "\"TaskTracker/Preview Content\"";
				DEVELOPMENT_TEAM = P85DW78LYM;
				ENABLE_PREVIEWS = YES;
				GENERATE_INFOPLIST_FILE = YES;
				INFOPLIST_KEY_UIApplicationSceneManifest_Generation = YES;
				INFOPLIST_KEY_UIApplicationSupportsIndirectInputEvents = YES;
				INFOPLIST_KEY_UILaunchScreen_Generation = YES;
				INFOPLIST_KEY_UIStatusBarStyle = "";
				INFOPLIST_KEY_UISupportedInterfaceOrientations = UIInterfaceOrientationPortrait;
				INFOPLIST_KEY_UISupportedInterfaceOrientations_iPad = "UIInterfaceOrientationPortrait UIInterfaceOrientationPortraitUpsideDown";
				LD_RUNPATH_SEARCH_PATHS = (
					"$(inherited)",
					"@executable_path/Frameworks",
				);
				MARKETING_VERSION = 1.0;
				PRODUCT_BUNDLE_IDENTIFIER = SwainYun.TaskTracker;
				PRODUCT_NAME = "$(TARGET_NAME)";
				SUPPORTED_PLATFORMS = "iphoneos iphonesimulator";
				SUPPORTS_MACCATALYST = NO;
				SUPPORTS_MAC_DESIGNED_FOR_IPHONE_IPAD = NO;
				SWIFT_EMIT_LOC_STRINGS = YES;
				SWIFT_VERSION = 5.0;
				TARGETED_DEVICE_FAMILY = "1,2";
			};
			name = Debug;
		};
		0459E35B2A6183EC000B0434 /* Release */ = {
			isa = XCBuildConfiguration;
			buildSettings = {
				ASSETCATALOG_COMPILER_APPICON_NAME = AppIcon;
				ASSETCATALOG_COMPILER_GLOBAL_ACCENT_COLOR_NAME = AccentColor;
				CODE_SIGN_STYLE = Automatic;
				CURRENT_PROJECT_VERSION = 1;
				DEVELOPMENT_ASSET_PATHS = "\"TaskTracker/Preview Content\"";
				DEVELOPMENT_TEAM = P85DW78LYM;
				ENABLE_PREVIEWS = YES;
				GENERATE_INFOPLIST_FILE = YES;
				INFOPLIST_KEY_UIApplicationSceneManifest_Generation = YES;
				INFOPLIST_KEY_UIApplicationSupportsIndirectInputEvents = YES;
				INFOPLIST_KEY_UILaunchScreen_Generation = YES;
				INFOPLIST_KEY_UIStatusBarStyle = "";
				INFOPLIST_KEY_UISupportedInterfaceOrientations = UIInterfaceOrientationPortrait;
				INFOPLIST_KEY_UISupportedInterfaceOrientations_iPad = "UIInterfaceOrientationPortrait UIInterfaceOrientationPortraitUpsideDown";
				LD_RUNPATH_SEARCH_PATHS = (
					"$(inherited)",
					"@executable_path/Frameworks",
				);
				MARKETING_VERSION = 1.0;
				PRODUCT_BUNDLE_IDENTIFIER = SwainYun.TaskTracker;
				PRODUCT_NAME = "$(TARGET_NAME)";
				SUPPORTED_PLATFORMS = "iphoneos iphonesimulator";
				SUPPORTS_MACCATALYST = NO;
				SUPPORTS_MAC_DESIGNED_FOR_IPHONE_IPAD = NO;
				SWIFT_EMIT_LOC_STRINGS = YES;
				SWIFT_VERSION = 5.0;
				TARGETED_DEVICE_FAMILY = "1,2";
			};
			name = Release;
		};
/* End XCBuildConfiguration section */

/* Begin XCConfigurationList section */
		0459E3462A6183EB000B0434 /* Build configuration list for PBXProject "TaskTracker" */ = {
			isa = XCConfigurationList;
			buildConfigurations = (
				0459E3572A6183EC000B0434 /* Debug */,
				0459E3582A6183EC000B0434 /* Release */,
			);
			defaultConfigurationIsVisible = 0;
			defaultConfigurationName = Release;
		};
		0459E3592A6183EC000B0434 /* Build configuration list for PBXNativeTarget "TaskTracker" */ = {
			isa = XCConfigurationList;
			buildConfigurations = (
				0459E35A2A6183EC000B0434 /* Debug */,
				0459E35B2A6183EC000B0434 /* Release */,
			);
			defaultConfigurationIsVisible = 0;
			defaultConfigurationName = Release;
		};
/* End XCConfigurationList section */

/* Begin XCVersionGroup section */
		0468E29F2BB7CBA6009124CC /* CoreDataStorage.xcdatamodeld */ = {
			isa = XCVersionGroup;
			children = (
				0468E2A02BB7CBA6009124CC /* CoreDataStorage.xcdatamodel */,
			);
			currentVersion = 0468E2A02BB7CBA6009124CC /* CoreDataStorage.xcdatamodel */;
			name = CoreDataStorage.xcdatamodeld;
			path = /Users/swain/Desktop/Project/TaskTracker/TaskTracker/Data/CoreDataStorage/CoreDataStorage.xcdatamodeld;
			sourceTree = "<group>";
			versionGroupType = wrapper.xcdatamodel;
		};
/* End XCVersionGroup section */
	};
	rootObject = 0459E3432A6183EB000B0434 /* Project object */;
}
